// !$*UTF8*$!
{
	archiveVersion = 1;
	classes = {
	};
	objectVersion = 46;
	objects = {

/* Begin PBXBuildFile section */
		94761D1B1AB6828E009A7D32 /* AppDelegate.swift in Sources */ = {isa = PBXBuildFile; fileRef = 94761D1A1AB6828E009A7D32 /* AppDelegate.swift */; };
		94761D1D1AB6828E009A7D32 /* SearchViewController.swift in Sources */ = {isa = PBXBuildFile; fileRef = 94761D1C1AB6828E009A7D32 /* SearchViewController.swift */; };
		94761D201AB6828E009A7D32 /* Main.storyboard in Resources */ = {isa = PBXBuildFile; fileRef = 94761D1E1AB6828E009A7D32 /* Main.storyboard */; };
		94761D221AB6828E009A7D32 /* Images.xcassets in Resources */ = {isa = PBXBuildFile; fileRef = 94761D211AB6828E009A7D32 /* Images.xcassets */; };
		94761D251AB6828E009A7D32 /* LaunchScreen.xib in Resources */ = {isa = PBXBuildFile; fileRef = 94761D231AB6828E009A7D32 /* LaunchScreen.xib */; };
		94761D311AB6828E009A7D32 /* StoreSearchTests.swift in Sources */ = {isa = PBXBuildFile; fileRef = 94761D301AB6828E009A7D32 /* StoreSearchTests.swift */; };
		94761D3D1AB6DA30009A7D32 /* SearchResult.swift in Sources */ = {isa = PBXBuildFile; fileRef = 94761D3C1AB6DA30009A7D32 /* SearchResult.swift */; };
/* End PBXBuildFile section */

/* Begin PBXContainerItemProxy section */
		94761D2B1AB6828E009A7D32 /* PBXContainerItemProxy */ = {
			isa = PBXContainerItemProxy;
			containerPortal = 94761D0D1AB6828E009A7D32 /* Project object */;
			proxyType = 1;
			remoteGlobalIDString = 94761D141AB6828E009A7D32;
			remoteInfo = StoreSearch;
		};
/* End PBXContainerItemProxy section */

/* Begin PBXFileReference section */
		94761D151AB6828E009A7D32 /* StoreSearch.app */ = {isa = PBXFileReference; explicitFileType = wrapper.application; includeInIndex = 0; path = StoreSearch.app; sourceTree = BUILT_PRODUCTS_DIR; };
		94761D191AB6828E009A7D32 /* Info.plist */ = {isa = PBXFileReference; lastKnownFileType = text.plist.xml; path = Info.plist; sourceTree = "<group>"; };
		94761D1A1AB6828E009A7D32 /* AppDelegate.swift */ = {isa = PBXFileReference; lastKnownFileType = sourcecode.swift; path = AppDelegate.swift; sourceTree = "<group>"; };
		94761D1C1AB6828E009A7D32 /* SearchViewController.swift */ = {isa = PBXFileReference; lastKnownFileType = sourcecode.swift; path = SearchViewController.swift; sourceTree = "<group>"; };
		94761D1F1AB6828E009A7D32 /* Base */ = {isa = PBXFileReference; lastKnownFileType = file.storyboard; name = Base; path = Base.lproj/Main.storyboard; sourceTree = "<group>"; };
		94761D211AB6828E009A7D32 /* Images.xcassets */ = {isa = PBXFileReference; lastKnownFileType = folder.assetcatalog; path = Images.xcassets; sourceTree = "<group>"; };
		94761D241AB6828E009A7D32 /* Base */ = {isa = PBXFileReference; lastKnownFileType = file.xib; name = Base; path = Base.lproj/LaunchScreen.xib; sourceTree = "<group>"; };
		94761D2A1AB6828E009A7D32 /* StoreSearchTests.xctest */ = {isa = PBXFileReference; explicitFileType = wrapper.cfbundle; includeInIndex = 0; path = StoreSearchTests.xctest; sourceTree = BUILT_PRODUCTS_DIR; };
		94761D2F1AB6828E009A7D32 /* Info.plist */ = {isa = PBXFileReference; lastKnownFileType = text.plist.xml; path = Info.plist; sourceTree = "<group>"; };
		94761D301AB6828E009A7D32 /* StoreSearchTests.swift */ = {isa = PBXFileReference; lastKnownFileType = sourcecode.swift; path = StoreSearchTests.swift; sourceTree = "<group>"; };
		94761D3C1AB6DA30009A7D32 /* SearchResult.swift */ = {isa = PBXFileReference; fileEncoding = 4; lastKnownFileType = sourcecode.swift; path = SearchResult.swift; sourceTree = "<group>"; };
/* End PBXFileReference section */

/* Begin PBXFrameworksBuildPhase section */
		94761D121AB6828E009A7D32 /* Frameworks */ = {
			isa = PBXFrameworksBuildPhase;
			buildActionMask = 2147483647;
			files = (
			);
			runOnlyForDeploymentPostprocessing = 0;
		};
		94761D271AB6828E009A7D32 /* Frameworks */ = {
			isa = PBXFrameworksBuildPhase;
			buildActionMask = 2147483647;
			files = (
			);
			runOnlyForDeploymentPostprocessing = 0;
		};
/* End PBXFrameworksBuildPhase section */

/* Begin PBXGroup section */
		94761D0C1AB6828E009A7D32 = {
			isa = PBXGroup;
			children = (
				94761D171AB6828E009A7D32 /* StoreSearch */,
				94761D2D1AB6828E009A7D32 /* StoreSearchTests */,
				94761D161AB6828E009A7D32 /* Products */,
			);
			sourceTree = "<group>";
		};
		94761D161AB6828E009A7D32 /* Products */ = {
			isa = PBXGroup;
			children = (
				94761D151AB6828E009A7D32 /* StoreSearch.app */,
				94761D2A1AB6828E009A7D32 /* StoreSearchTests.xctest */,
			);
			name = Products;
			sourceTree = "<group>";
		};
		94761D171AB6828E009A7D32 /* StoreSearch */ = {
			isa = PBXGroup;
			children = (
				94761D1A1AB6828E009A7D32 /* AppDelegate.swift */,
				94761D1C1AB6828E009A7D32 /* SearchViewController.swift */,
				94761D1E1AB6828E009A7D32 /* Main.storyboard */,
				94761D211AB6828E009A7D32 /* Images.xcassets */,
				94761D231AB6828E009A7D32 /* LaunchScreen.xib */,
				94761D181AB6828E009A7D32 /* Supporting Files */,
				94761D3C1AB6DA30009A7D32 /* SearchResult.swift */,
			);
			path = StoreSearch;
			sourceTree = "<group>";
		};
		94761D181AB6828E009A7D32 /* Supporting Files */ = {
			isa = PBXGroup;
			children = (
				94761D191AB6828E009A7D32 /* Info.plist */,
			);
			name = "Supporting Files";
			sourceTree = "<group>";
		};
		94761D2D1AB6828E009A7D32 /* StoreSearchTests */ = {
			isa = PBXGroup;
			children = (
				94761D301AB6828E009A7D32 /* StoreSearchTests.swift */,
				94761D2E1AB6828E009A7D32 /* Supporting Files */,
			);
			path = StoreSearchTests;
			sourceTree = "<group>";
		};
		94761D2E1AB6828E009A7D32 /* Supporting Files */ = {
			isa = PBXGroup;
			children = (
				94761D2F1AB6828E009A7D32 /* Info.plist */,
			);
			name = "Supporting Files";
			sourceTree = "<group>";
		};
/* End PBXGroup section */

/* Begin PBXNativeTarget section */
		94761D141AB6828E009A7D32 /* StoreSearch */ = {
			isa = PBXNativeTarget;
			buildConfigurationList = 94761D341AB6828E009A7D32 /* Build configuration list for PBXNativeTarget "StoreSearch" */;
			buildPhases = (
				94761D111AB6828E009A7D32 /* Sources */,
				94761D121AB6828E009A7D32 /* Frameworks */,
				94761D131AB6828E009A7D32 /* Resources */,
			);
			buildRules = (
			);
			dependencies = (
			);
			name = StoreSearch;
			productName = StoreSearch;
			productReference = 94761D151AB6828E009A7D32 /* StoreSearch.app */;
			productType = "com.apple.product-type.application";
		};
		94761D291AB6828E009A7D32 /* StoreSearchTests */ = {
			isa = PBXNativeTarget;
			buildConfigurationList = 94761D371AB6828E009A7D32 /* Build configuration list for PBXNativeTarget "StoreSearchTests" */;
			buildPhases = (
				94761D261AB6828E009A7D32 /* Sources */,
				94761D271AB6828E009A7D32 /* Frameworks */,
				94761D281AB6828E009A7D32 /* Resources */,
			);
			buildRules = (
			);
			dependencies = (
				94761D2C1AB6828E009A7D32 /* PBXTargetDependency */,
			);
			name = StoreSearchTests;
			productName = StoreSearchTests;
			productReference = 94761D2A1AB6828E009A7D32 /* StoreSearchTests.xctest */;
			productType = "com.apple.product-type.bundle.unit-test";
		};
/* End PBXNativeTarget section */

/* Begin PBXProject section */
		94761D0D1AB6828E009A7D32 /* Project object */ = {
			isa = PBXProject;
			attributes = {
				LastUpgradeCheck = 0610;
				ORGANIZATIONNAME = Ryan;
				TargetAttributes = {
					94761D141AB6828E009A7D32 = {
						CreatedOnToolsVersion = 6.1.1;
					};
					94761D291AB6828E009A7D32 = {
						CreatedOnToolsVersion = 6.1.1;
						TestTargetID = 94761D141AB6828E009A7D32;
					};
				};
			};
			buildConfigurationList = 94761D101AB6828E009A7D32 /* Build configuration list for PBXProject "StoreSearch" */;
			compatibilityVersion = "Xcode 3.2";
			developmentRegion = English;
			hasScannedForEncodings = 0;
			knownRegions = (
				en,
				Base,
			);
			mainGroup = 94761D0C1AB6828E009A7D32;
			productRefGroup = 94761D161AB6828E009A7D32 /* Products */;
			projectDirPath = "";
			projectRoot = "";
			targets = (
				94761D141AB6828E009A7D32 /* StoreSearch */,
				94761D291AB6828E009A7D32 /* StoreSearchTests */,
			);
		};
/* End PBXProject section */

/* Begin PBXResourcesBuildPhase section */
		94761D131AB6828E009A7D32 /* Resources */ = {
			isa = PBXResourcesBuildPhase;
			buildActionMask = 2147483647;
			files = (
				94761D201AB6828E009A7D32 /* Main.storyboard in Resources */,
				94761D251AB6828E009A7D32 /* LaunchScreen.xib in Resources */,
				94761D221AB6828E009A7D32 /* Images.xcassets in Resources */,
			);
			runOnlyForDeploymentPostprocessing = 0;
		};
		94761D281AB6828E009A7D32 /* Resources */ = {
			isa = PBXResourcesBuildPhase;
			buildActionMask = 2147483647;
			files = (
			);
			runOnlyForDeploymentPostprocessing = 0;
		};
/* End PBXResourcesBuildPhase section */

/* Begin PBXSourcesBuildPhase section */
		94761D111AB6828E009A7D32 /* Sources */ = {
			isa = PBXSourcesBuildPhase;
			buildActionMask = 2147483647;
			files = (
				94761D1D1AB6828E009A7D32 /* SearchViewController.swift in Sources */,
				94761D3D1AB6DA30009A7D32 /* SearchResult.swift in Sources */,
				94761D1B1AB6828E009A7D32 /* AppDelegate.swift in Sources */,
			);
			runOnlyForDeploymentPostprocessing = 0;
		};
		94761D261AB6828E009A7D32 /* Sources */ = {
			isa = PBXSourcesBuildPhase;
			buildActionMask = 2147483647;
			files = (
				94761D311AB6828E009A7D32 /* StoreSearchTests.swift in Sources */,
			);
			runOnlyForDeploymentPostprocessing = 0;
		};
/* End PBXSourcesBuildPhase section */

/* Begin PBXTargetDependency section */
		94761D2C1AB6828E009A7D32 /* PBXTargetDependency */ = {
			isa = PBXTargetDependency;
			target = 94761D141AB6828E009A7D32 /* StoreSearch */;
			targetProxy = 94761D2B1AB6828E009A7D32 /* PBXContainerItemProxy */;
		};
/* End PBXTargetDependency section */

/* Begin PBXVariantGroup section */
		94761D1E1AB6828E009A7D32 /* Main.storyboard */ = {
			isa = PBXVariantGroup;
			children = (
				94761D1F1AB6828E009A7D32 /* Base */,
			);
			name = Main.storyboard;
			sourceTree = "<group>";
		};
		94761D231AB6828E009A7D32 /* LaunchScreen.xib */ = {
			isa = PBXVariantGroup;
			children = (
				94761D241AB6828E009A7D32 /* Base */,
			);
			name = LaunchScreen.xib;
			sourceTree = "<group>";
		};
/* End PBXVariantGroup section */

/* Begin XCBuildConfiguration section */
		94761D321AB6828E009A7D32 /* Debug */ = {
			isa = XCBuildConfiguration;
			buildSettings = {
				ALWAYS_SEARCH_USER_PATHS = NO;
				CLANG_CXX_LANGUAGE_STANDARD = "gnu++0x";
				CLANG_CXX_LIBRARY = "libc++";
				CLANG_ENABLE_MODULES = YES;
				CLANG_ENABLE_OBJC_ARC = YES;
				CLANG_WARN_BOOL_CONVERSION = YES;
				CLANG_WARN_CONSTANT_CONVERSION = YES;
				CLANG_WARN_DIRECT_OBJC_ISA_USAGE = YES_ERROR;
				CLANG_WARN_EMPTY_BODY = YES;
				CLANG_WARN_ENUM_CONVERSION = YES;
				CLANG_WARN_INT_CONVERSION = YES;
				CLANG_WARN_OBJC_ROOT_CLASS = YES_ERROR;
				CLANG_WARN_UNREACHABLE_CODE = YES;
				CLANG_WARN__DUPLICATE_METHOD_MATCH = YES;
				"CODE_SIGN_IDENTITY[sdk=iphoneos*]" = "iPhone Developer";
				COPY_PHASE_STRIP = NO;
				ENABLE_STRICT_OBJC_MSGSEND = YES;
				GCC_C_LANGUAGE_STANDARD = gnu99;
				GCC_DYNAMIC_NO_PIC = NO;
				GCC_OPTIMIZATION_LEVEL = 0;
				GCC_PREPROCESSOR_DEFINITIONS = (
					"DEBUG=1",
					"$(inherited)",
				);
				GCC_SYMBOLS_PRIVATE_EXTERN = NO;
				GCC_WARN_64_TO_32_BIT_CONVERSION = YES;
				GCC_WARN_ABOUT_RETURN_TYPE = YES_ERROR;
				GCC_WARN_UNDECLARED_SELECTOR = YES;
				GCC_WARN_UNINITIALIZED_AUTOS = YES_AGGRESSIVE;
				GCC_WARN_UNUSED_FUNCTION = YES;
				GCC_WARN_UNUSED_VARIABLE = YES;
				IPHONEOS_DEPLOYMENT_TARGET = 8.1;
				MTL_ENABLE_DEBUG_INFO = YES;
				ONLY_ACTIVE_ARCH = YES;
				SDKROOT = iphoneos;
				SWIFT_OPTIMIZATION_LEVEL = "-Onone";
			};
			name = Debug;
		};
		94761D331AB6828E009A7D32 /* Release */ = {
			isa = XCBuildConfiguration;
			buildSettings = {
				ALWAYS_SEARCH_USER_PATHS = NO;
				CLANG_CXX_LANGUAGE_STANDARD = "gnu++0x";
				CLANG_CXX_LIBRARY = "libc++";
				CLANG_ENABLE_MODULES = YES;
				CLANG_ENABLE_OBJC_ARC = YES;
				CLANG_WARN_BOOL_CONVERSION = YES;
				CLANG_WARN_CONSTANT_CONVERSION = YES;
				CLANG_WARN_DIRECT_OBJC_ISA_USAGE = YES_ERROR;
				CLANG_WARN_EMPTY_BODY = YES;
				CLANG_WARN_ENUM_CONVERSION = YES;
				CLANG_WARN_INT_CONVERSION = YES;
				CLANG_WARN_OBJC_ROOT_CLASS = YES_ERROR;
				CLANG_WARN_UNREACHABLE_CODE = YES;
				CLANG_WARN__DUPLICATE_METHOD_MATCH = YES;
				"CODE_SIGN_IDENTITY[sdk=iphoneos*]" = "iPhone Developer";
				COPY_PHASE_STRIP = YES;
				ENABLE_NS_ASSERTIONS = NO;
				ENABLE_STRICT_OBJC_MSGSEND = YES;
				GCC_C_LANGUAGE_STANDARD = gnu99;
				GCC_WARN_64_TO_32_BIT_CONVERSION = YES;
				GCC_WARN_ABOUT_RETURN_TYPE = YES_ERROR;
				GCC_WARN_UNDECLARED_SELECTOR = YES;
				GCC_WARN_UNINITIALIZED_AUTOS = YES_AGGRESSIVE;
				GCC_WARN_UNUSED_FUNCTION = YES;
				GCC_WARN_UNUSED_VARIABLE = YES;
				IPHONEOS_DEPLOYMENT_TARGET = 8.1;
				MTL_ENABLE_DEBUG_INFO = NO;
				SDKROOT = iphoneos;
				VALIDATE_PRODUCT = YES;
			};
			name = Release;
		};
		94761D351AB6828E009A7D32 /* Debug */ = {
			isa = XCBuildConfiguration;
			buildSettings = {
				ASSETCATALOG_COMPILER_APPICON_NAME = AppIcon;
				INFOPLIST_FILE = StoreSearch/Info.plist;
				LD_RUNPATH_SEARCH_PATHS = "$(inherited) @executable_path/Frameworks";
				PRODUCT_NAME = "$(TARGET_NAME)";
			};
			name = Debug;
		};
		94761D361AB6828E009A7D32 /* Release */ = {
			isa = XCBuildConfiguration;
			buildSettings = {
				ASSETCATALOG_COMPILER_APPICON_NAME = AppIcon;
				INFOPLIST_FILE = StoreSearch/Info.plist;
				LD_RUNPATH_SEARCH_PATHS = "$(inherited) @executable_path/Frameworks";
				PRODUCT_NAME = "$(TARGET_NAME)";
			};
			name = Release;
		};
		94761D381AB6828E009A7D32 /* Debug */ = {
			isa = XCBuildConfiguration;
			buildSettings = {
				BUNDLE_LOADER = "$(TEST_HOST)";
				FRAMEWORK_SEARCH_PATHS = (
					"$(SDKROOT)/Developer/Library/Frameworks",
					"$(inherited)",
				);
				GCC_PREPROCESSOR_DEFINITIONS = (
					"DEBUG=1",
					"$(inherited)",
				);
				INFOPLIST_FILE = StoreSearchTests/Info.plist;
				LD_RUNPATH_SEARCH_PATHS = "$(inherited) @executable_path/Frameworks @loader_path/Frameworks";
				PRODUCT_NAME = "$(TARGET_NAME)";
				TEST_HOST = "$(BUILT_PRODUCTS_DIR)/StoreSearch.app/StoreSearch";
			};
			name = Debug;
		};
		94761D391AB6828E009A7D32 /* Release */ = {
			isa = XCBuildConfiguration;
			buildSettings = {
				BUNDLE_LOADER = "$(TEST_HOST)";
				FRAMEWORK_SEARCH_PATHS = (
					"$(SDKROOT)/Developer/Library/Frameworks",
					"$(inherited)",
				);
				INFOPLIST_FILE = StoreSearchTests/Info.plist;
				LD_RUNPATH_SEARCH_PATHS = "$(inherited) @executable_path/Frameworks @loader_path/Frameworks";
				PRODUCT_NAME = "$(TARGET_NAME)";
				TEST_HOST = "$(BUILT_PRODUCTS_DIR)/StoreSearch.app/StoreSearch";
			};
			name = Release;
		};
/* End XCBuildConfiguration section */

/* Begin XCConfigurationList section */
		94761D101AB6828E009A7D32 /* Build configuration list for PBXProject "StoreSearch" */ = {
			isa = XCConfigurationList;
			buildConfigurations = (
				94761D321AB6828E009A7D32 /* Debug */,
				94761D331AB6828E009A7D32 /* Release */,
			);
			defaultConfigurationIsVisible = 0;
			defaultConfigurationName = Release;
		};
		94761D341AB6828E009A7D32 /* Build configuration list for PBXNativeTarget "StoreSearch" */ = {
			isa = XCConfigurationList;
			buildConfigurations = (
				94761D351AB6828E009A7D32 /* Debug */,
				94761D361AB6828E009A7D32 /* Release */,
			);
			defaultConfigurationIsVisible = 0;
		};
		94761D371AB6828E009A7D32 /* Build configuration list for PBXNativeTarget "StoreSearchTests" */ = {
			isa = XCConfigurationList;
			buildConfigurations = (
				94761D381AB6828E009A7D32 /* Debug */,
				94761D391AB6828E009A7D32 /* Release */,
			);
			defaultConfigurationIsVisible = 0;
		};
/* End XCConfigurationList section */
	};
	rootObject = 94761D0D1AB6828E009A7D32 /* Project object */;
}
